// !$*UTF8*$!
{
	archiveVersion = 1;
	classes = {
	};
	objectVersion = 45;
	objects = {

/* Begin PBXBuildFile section */
		1D60589B0D05DD56006BFB54 /* main.m in Sources */ = {isa = PBXBuildFile; fileRef = 29B97316FDCFA39411CA2CEA /* main.m */; };
		1D60589F0D05DD5A006BFB54 /* Foundation.framework in Frameworks */ = {isa = PBXBuildFile; fileRef = 1D30AB110D05D00D00671497 /* Foundation.framework */; };
		1DF5F4E00D08C38300B7A737 /* UIKit.framework in Frameworks */ = {isa = PBXBuildFile; fileRef = 1DF5F4DF0D08C38300B7A737 /* UIKit.framework */; };
		288765A50DF7441C002DB57D /* CoreGraphics.framework in Frameworks */ = {isa = PBXBuildFile; fileRef = 288765A40DF7441C002DB57D /* CoreGraphics.framework */; };
		601589BB111EF0D900F955DF /* UnitCalcBack.png in Resources */ = {isa = PBXBuildFile; fileRef = 601589BA111EF0D900F955DF /* UnitCalcBack.png */; };
		601C43D61260A2F000DF5482 /* Australia.png in Resources */ = {isa = PBXBuildFile; fileRef = 601C43CA1260A2F000DF5482 /* Australia.png */; };
		601C43D71260A2F000DF5482 /* Canada.png in Resources */ = {isa = PBXBuildFile; fileRef = 601C43CB1260A2F000DF5482 /* Canada.png */; };
		601C43D81260A2F000DF5482 /* China.png in Resources */ = {isa = PBXBuildFile; fileRef = 601C43CC1260A2F000DF5482 /* China.png */; };
		601C43D91260A2F000DF5482 /* European-Union.png in Resources */ = {isa = PBXBuildFile; fileRef = 601C43CD1260A2F000DF5482 /* European-Union.png */; };
		601C43DA1260A2F000DF5482 /* Hong-Kong.png in Resources */ = {isa = PBXBuildFile; fileRef = 601C43CE1260A2F000DF5482 /* Hong-Kong.png */; };
		601C43DB1260A2F000DF5482 /* India.png in Resources */ = {isa = PBXBuildFile; fileRef = 601C43CF1260A2F000DF5482 /* India.png */; };
		601C43DC1260A2F000DF5482 /* Japan.png in Resources */ = {isa = PBXBuildFile; fileRef = 601C43D01260A2F000DF5482 /* Japan.png */; };
		601C43DD1260A2F000DF5482 /* New-Zealand.png in Resources */ = {isa = PBXBuildFile; fileRef = 601C43D11260A2F000DF5482 /* New-Zealand.png */; };
		601C43DE1260A2F000DF5482 /* South-Korea.png in Resources */ = {isa = PBXBuildFile; fileRef = 601C43D21260A2F000DF5482 /* South-Korea.png */; };
		601C43DF1260A2F000DF5482 /* Switzerland.png in Resources */ = {isa = PBXBuildFile; fileRef = 601C43D31260A2F000DF5482 /* Switzerland.png */; };
		601C43E01260A2F000DF5482 /* United-Kindom.png in Resources */ = {isa = PBXBuildFile; fileRef = 601C43D41260A2F000DF5482 /* United-Kindom.png */; };
		601C43E11260A2F000DF5482 /* United-States.png in Resources */ = {isa = PBXBuildFile; fileRef = 601C43D51260A2F000DF5482 /* United-States.png */; };
		602439F711422FBA00B0DB34 /* icon.png in Resources */ = {isa = PBXBuildFile; fileRef = 602439F611422FBA00B0DB34 /* icon.png */; };
		60243A0811423B0400B0DB34 /* InfoPlist.strings in Resources */ = {isa = PBXBuildFile; fileRef = 60243A0711423B0400B0DB34 /* InfoPlist.strings */; };
		60243A1111423C7900B0DB34 /* Localizable.strings in Resources */ = {isa = PBXBuildFile; fileRef = 60243A1011423C7900B0DB34 /* Localizable.strings */; };
		602A01B1114276B800BA767C /* Default.png in Resources */ = {isa = PBXBuildFile; fileRef = 602A01B0114276B800BA767C /* Default.png */; };
		60471C841269619600CD4573 /* libAdMob.a in Frameworks */ = {isa = PBXBuildFile; fileRef = 60471C831269619600CD4573 /* libAdMob.a */; };
		60471C86126961D900CD4573 /* AudioToolbox.framework in Frameworks */ = {isa = PBXBuildFile; fileRef = 60471C85126961D900CD4573 /* AudioToolbox.framework */; };
		60471C88126961D900CD4573 /* MediaPlayer.framework in Frameworks */ = {isa = PBXBuildFile; fileRef = 60471C87126961D900CD4573 /* MediaPlayer.framework */; };
		60471C8A126961D900CD4573 /* MessageUI.framework in Frameworks */ = {isa = PBXBuildFile; fileRef = 60471C89126961D900CD4573 /* MessageUI.framework */; };
		60471C8C126961D900CD4573 /* QuartzCore.framework in Frameworks */ = {isa = PBXBuildFile; fileRef = 60471C8B126961D900CD4573 /* QuartzCore.framework */; };
		60471CAC1269621E00CD4573 /* CDataScanner.m in Sources */ = {isa = PBXBuildFile; fileRef = 60471C971269621E00CD4573 /* CDataScanner.m */; };
		60471CAD1269621E00CD4573 /* CDataScanner_Extensions.m in Sources */ = {isa = PBXBuildFile; fileRef = 60471C9A1269621E00CD4573 /* CDataScanner_Extensions.m */; };
		60471CAE1269621E00CD4573 /* NSCharacterSet_Extensions.m in Sources */ = {isa = PBXBuildFile; fileRef = 60471C9C1269621E00CD4573 /* NSCharacterSet_Extensions.m */; };
		60471CAF1269621E00CD4573 /* NSDictionary_JSONExtensions.m in Sources */ = {isa = PBXBuildFile; fileRef = 60471C9E1269621E00CD4573 /* NSDictionary_JSONExtensions.m */; };
		60471CB01269621E00CD4573 /* NSScanner_Extensions.m in Sources */ = {isa = PBXBuildFile; fileRef = 60471CA01269621E00CD4573 /* NSScanner_Extensions.m */; };
		60471CB11269621E00CD4573 /* CJSONDataSerializer.m in Sources */ = {isa = PBXBuildFile; fileRef = 60471CA31269621E00CD4573 /* CJSONDataSerializer.m */; };
		60471CB21269621E00CD4573 /* CJSONDeserializer.m in Sources */ = {isa = PBXBuildFile; fileRef = 60471CA51269621E00CD4573 /* CJSONDeserializer.m */; };
		60471CB31269621E00CD4573 /* CJSONScanner.m in Sources */ = {isa = PBXBuildFile; fileRef = 60471CA71269621E00CD4573 /* CJSONScanner.m */; };
		60471CB41269621E00CD4573 /* CJSONSerializer.m in Sources */ = {isa = PBXBuildFile; fileRef = 60471CA91269621E00CD4573 /* CJSONSerializer.m */; };
		60471CB51269621E00CD4573 /* CSerializedJSONData.m in Sources */ = {isa = PBXBuildFile; fileRef = 60471CAB1269621E00CD4573 /* CSerializedJSONData.m */; };
		607C8A4F113AA04D00233C7E /* CurrencyExchange.m in Sources */ = {isa = PBXBuildFile; fileRef = 607C8A4D113AA04C00233C7E /* CurrencyExchange.m */; };
		60D2733C10E9B49C00F95EB7 /* MoneyTypePadView.m in Sources */ = {isa = PBXBuildFile; fileRef = 60D2733B10E9B49C00F95EB7 /* MoneyTypePadView.m */; };
		60D2741D10E9CD9B00F95EB7 /* blueButton.png in Resources */ = {isa = PBXBuildFile; fileRef = 60D2741B10E9CD9B00F95EB7 /* blueButton.png */; };
		60D2741E10E9CD9B00F95EB7 /* whiteButton.png in Resources */ = {isa = PBXBuildFile; fileRef = 60D2741C10E9CD9B00F95EB7 /* whiteButton.png */; };
		60D274BE10ED836F00F95EB7 /* MoneyModel.m in Sources */ = {isa = PBXBuildFile; fileRef = 60D274BD10ED836F00F95EB7 /* MoneyModel.m */; };
		60F033C91262A379009E2DFD /* Bulgaria.png in Resources */ = {isa = PBXBuildFile; fileRef = 60F033C81262A379009E2DFD /* Bulgaria.png */; };
		60F033CB1262A476009E2DFD /* Czech-Republic.png in Resources */ = {isa = PBXBuildFile; fileRef = 60F033CA1262A476009E2DFD /* Czech-Republic.png */; };
		60F033CD1262A5A1009E2DFD /* Denmark.png in Resources */ = {isa = PBXBuildFile; fileRef = 60F033CC1262A5A1009E2DFD /* Denmark.png */; };
		60F033CF1262A63E009E2DFD /* Estonia.png in Resources */ = {isa = PBXBuildFile; fileRef = 60F033CE1262A63E009E2DFD /* Estonia.png */; };
		60F033D11262A6FB009E2DFD /* Hungary.png in Resources */ = {isa = PBXBuildFile; fileRef = 60F033D01262A6FB009E2DFD /* Hungary.png */; };
		60F033D31262A79F009E2DFD /* Lithuania.png in Resources */ = {isa = PBXBuildFile; fileRef = 60F033D21262A79F009E2DFD /* Lithuania.png */; };
		60F033D51262A804009E2DFD /* Latvia.png in Resources */ = {isa = PBXBuildFile; fileRef = 60F033D41262A804009E2DFD /* Latvia.png */; };
		60F033E11262AA57009E2DFD /* Indonesia.png in Resources */ = {isa = PBXBuildFile; fileRef = 60F033E01262AA57009E2DFD /* Indonesia.png */; };
		60F03512126330FE009E2DFD /* MoneyUnitConverterController.m in Sources */ = {isa = PBXBuildFile; fileRef = 60F03511126330FE009E2DFD /* MoneyUnitConverterController.m */; };
		60F0352812633BEA009E2DFD /* SettingsViewController.m in Sources */ = {isa = PBXBuildFile; fileRef = 60F0352712633BEA009E2DFD /* SettingsViewController.m */; };
		60FE3862126B1DFC0083C134 /* Brazil.png in Resources */ = {isa = PBXBuildFile; fileRef = 60FE3854126B1DFC0083C134 /* Brazil.png */; };
		60FE3863126B1DFD0083C134 /* Croatia.png in Resources */ = {isa = PBXBuildFile; fileRef = 60FE3855126B1DFC0083C134 /* Croatia.png */; };
		60FE3864126B1DFD0083C134 /* Malaysia.png in Resources */ = {isa = PBXBuildFile; fileRef = 60FE3856126B1DFC0083C134 /* Malaysia.png */; };
		60FE3865126B1DFD0083C134 /* Mexico.png in Resources */ = {isa = PBXBuildFile; fileRef = 60FE3857126B1DFC0083C134 /* Mexico.png */; };
		60FE3866126B1DFD0083C134 /* Norway.png in Resources */ = {isa = PBXBuildFile; fileRef = 60FE3858126B1DFC0083C134 /* Norway.png */; };
		60FE3867126B1DFD0083C134 /* Philippines.png in Resources */ = {isa = PBXBuildFile; fileRef = 60FE3859126B1DFC0083C134 /* Philippines.png */; };
		60FE3868126B1DFD0083C134 /* Poland.png in Resources */ = {isa = PBXBuildFile; fileRef = 60FE385A126B1DFC0083C134 /* Poland.png */; };
		60FE3869126B1DFD0083C134 /* Romania.png in Resources */ = {isa = PBXBuildFile; fileRef = 60FE385B126B1DFC0083C134 /* Romania.png */; };
		60FE386A126B1DFD0083C134 /* Russia.png in Resources */ = {isa = PBXBuildFile; fileRef = 60FE385C126B1DFC0083C134 /* Russia.png */; };
		60FE386B126B1DFD0083C134 /* Singapore.png in Resources */ = {isa = PBXBuildFile; fileRef = 60FE385D126B1DFC0083C134 /* Singapore.png */; };
		60FE386C126B1DFD0083C134 /* South-Africa.png in Resources */ = {isa = PBXBuildFile; fileRef = 60FE385E126B1DFC0083C134 /* South-Africa.png */; };
		60FE386D126B1DFD0083C134 /* Sweden.png in Resources */ = {isa = PBXBuildFile; fileRef = 60FE385F126B1DFC0083C134 /* Sweden.png */; };
		60FE386E126B1DFD0083C134 /* Thailand.png in Resources */ = {isa = PBXBuildFile; fileRef = 60FE3860126B1DFC0083C134 /* Thailand.png */; };
		60FE386F126B1DFD0083C134 /* Turkey.png in Resources */ = {isa = PBXBuildFile; fileRef = 60FE3861126B1DFC0083C134 /* Turkey.png */; };
		60FE387C126B20250083C134 /* Japan@2x.png in Resources */ = {isa = PBXBuildFile; fileRef = 60FE387B126B20250083C134 /* Japan@2x.png */; };
		60FE38E5126B23270083C134 /* Australia@2x.png in Resources */ = {isa = PBXBuildFile; fileRef = 60FE38C4126B23270083C134 /* Australia@2x.png */; };
		60FE38E6126B23270083C134 /* Brazil@2x.png in Resources */ = {isa = PBXBuildFile; fileRef = 60FE38C5126B23270083C134 /* Brazil@2x.png */; };
		60FE38E7126B23270083C134 /* Bulgaria@2x.png in Resources */ = {isa = PBXBuildFile; fileRef = 60FE38C6126B23270083C134 /* Bulgaria@2x.png */; };
		60FE38E8126B23270083C134 /* Canada@2x.png in Resources */ = {isa = PBXBuildFile; fileRef = 60FE38C7126B23270083C134 /* Canada@2x.png */; };
		60FE38E9126B23270083C134 /* China@2x.png in Resources */ = {isa = PBXBuildFile; fileRef = 60FE38C8126B23270083C134 /* China@2x.png */; };
		60FE38EA126B23270083C134 /* Croatia@2x.png in Resources */ = {isa = PBXBuildFile; fileRef = 60FE38C9126B23270083C134 /* Croatia@2x.png */; };
		60FE38EB126B23270083C134 /* Czech-Republic@2x.png in Resources */ = {isa = PBXBuildFile; fileRef = 60FE38CA126B23270083C134 /* Czech-Republic@2x.png */; };
		60FE38EC126B23270083C134 /* Denmark@2x.png in Resources */ = {isa = PBXBuildFile; fileRef = 60FE38CB126B23270083C134 /* Denmark@2x.png */; };
		60FE38ED126B23270083C134 /* Estonia@2x.png in Resources */ = {isa = PBXBuildFile; fileRef = 60FE38CC126B23270083C134 /* Estonia@2x.png */; };
		60FE38EE126B23270083C134 /* European-Union@2x.png in Resources */ = {isa = PBXBuildFile; fileRef = 60FE38CD126B23270083C134 /* European-Union@2x.png */; };
		60FE38EF126B23270083C134 /* Hong-Kong@2x.png in Resources */ = {isa = PBXBuildFile; fileRef = 60FE38CE126B23270083C134 /* Hong-Kong@2x.png */; };
		60FE38F0126B23270083C134 /* Hungary@2x.png in Resources */ = {isa = PBXBuildFile; fileRef = 60FE38CF126B23270083C134 /* Hungary@2x.png */; };
		60FE38F1126B23270083C134 /* India@2x.png in Resources */ = {isa = PBXBuildFile; fileRef = 60FE38D0126B23270083C134 /* India@2x.png */; };
		60FE38F2126B23270083C134 /* Indonesia@2x.png in Resources */ = {isa = PBXBuildFile; fileRef = 60FE38D1126B23270083C134 /* Indonesia@2x.png */; };
		60FE38F3126B23270083C134 /* Latvia@2x.png in Resources */ = {isa = PBXBuildFile; fileRef = 60FE38D2126B23270083C134 /* Latvia@2x.png */; };
		60FE38F4126B23270083C134 /* Lithuania@2x.png in Resources */ = {isa = PBXBuildFile; fileRef = 60FE38D3126B23270083C134 /* Lithuania@2x.png */; };
		60FE38F5126B23270083C134 /* Malaysia@2x.png in Resources */ = {isa = PBXBuildFile; fileRef = 60FE38D4126B23270083C134 /* Malaysia@2x.png */; };
		60FE38F6126B23270083C134 /* Mexico@2x.png in Resources */ = {isa = PBXBuildFile; fileRef = 60FE38D5126B23270083C134 /* Mexico@2x.png */; };
		60FE38F7126B23270083C134 /* New-Zealand@2x.png in Resources */ = {isa = PBXBuildFile; fileRef = 60FE38D6126B23270083C134 /* New-Zealand@2x.png */; };
		60FE38F8126B23270083C134 /* Norway@2x.png in Resources */ = {isa = PBXBuildFile; fileRef = 60FE38D7126B23270083C134 /* Norway@2x.png */; };
		60FE38F9126B23270083C134 /* Philippines@2x.png in Resources */ = {isa = PBXBuildFile; fileRef = 60FE38D8126B23270083C134 /* Philippines@2x.png */; };
		60FE38FA126B23270083C134 /* Poland@2x.png in Resources */ = {isa = PBXBuildFile; fileRef = 60FE38D9126B23270083C134 /* Poland@2x.png */; };
		60FE38FB126B23270083C134 /* Romania@2x.png in Resources */ = {isa = PBXBuildFile; fileRef = 60FE38DA126B23270083C134 /* Romania@2x.png */; };
		60FE38FC126B23270083C134 /* Russia@2x.png in Resources */ = {isa = PBXBuildFile; fileRef = 60FE38DB126B23270083C134 /* Russia@2x.png */; };
		60FE38FD126B23270083C134 /* Singapore@2x.png in Resources */ = {isa = PBXBuildFile; fileRef = 60FE38DC126B23270083C134 /* Singapore@2x.png */; };
		60FE38FE126B23270083C134 /* South-Africa@2x.png in Resources */ = {isa = PBXBuildFile; fileRef = 60FE38DD126B23270083C134 /* South-Africa@2x.png */; };
		60FE38FF126B23270083C134 /* South-Korea@2x.png in Resources */ = {isa = PBXBuildFile; fileRef = 60FE38DE126B23270083C134 /* South-Korea@2x.png */; };
		60FE3900126B23270083C134 /* Sweden@2x.png in Resources */ = {isa = PBXBuildFile; fileRef = 60FE38DF126B23270083C134 /* Sweden@2x.png */; };
		60FE3901126B23270083C134 /* Switzerland@2x.png in Resources */ = {isa = PBXBuildFile; fileRef = 60FE38E0126B23270083C134 /* Switzerland@2x.png */; };
		60FE3902126B23270083C134 /* Thailand@2x.png in Resources */ = {isa = PBXBuildFile; fileRef = 60FE38E1126B23270083C134 /* Thailand@2x.png */; };
		60FE3903126B23270083C134 /* Turkey@2x.png in Resources */ = {isa = PBXBuildFile; fileRef = 60FE38E2126B23270083C134 /* Turkey@2x.png */; };
		60FE3904126B23270083C134 /* United-Kindom@2x.png in Resources */ = {isa = PBXBuildFile; fileRef = 60FE38E3126B23270083C134 /* United-Kindom@2x.png */; };
		60FE3905126B23270083C134 /* United-States@2x.png in Resources */ = {isa = PBXBuildFile; fileRef = 60FE38E4126B23270083C134 /* United-States@2x.png */; };
/* End PBXBuildFile section */

/* Begin PBXFileReference section */
		1D30AB110D05D00D00671497 /* Foundation.framework */ = {isa = PBXFileReference; lastKnownFileType = wrapper.framework; name = Foundation.framework; path = System/Library/Frameworks/Foundation.framework; sourceTree = SDKROOT; };
		1D6058910D05DD3D006BFB54 /* MoneyUnitConverter.app */ = {isa = PBXFileReference; explicitFileType = wrapper.application; includeInIndex = 0; path = MoneyUnitConverter.app; sourceTree = BUILT_PRODUCTS_DIR; };
		1DF5F4DF0D08C38300B7A737 /* UIKit.framework */ = {isa = PBXFileReference; lastKnownFileType = wrapper.framework; name = UIKit.framework; path = System/Library/Frameworks/UIKit.framework; sourceTree = SDKROOT; };
		288765A40DF7441C002DB57D /* CoreGraphics.framework */ = {isa = PBXFileReference; lastKnownFileType = wrapper.framework; name = CoreGraphics.framework; path = System/Library/Frameworks/CoreGraphics.framework; sourceTree = SDKROOT; };
		29B97316FDCFA39411CA2CEA /* main.m */ = {isa = PBXFileReference; fileEncoding = 4; lastKnownFileType = sourcecode.c.objc; path = main.m; sourceTree = "<group>"; };
		32CA4F630368D1EE00C91783 /* MoneyUnitConverter_Prefix.pch */ = {isa = PBXFileReference; fileEncoding = 4; lastKnownFileType = sourcecode.c.h; path = MoneyUnitConverter_Prefix.pch; sourceTree = "<group>"; };
		601589BA111EF0D900F955DF /* UnitCalcBack.png */ = {isa = PBXFileReference; lastKnownFileType = image.png; path = UnitCalcBack.png; sourceTree = "<group>"; };
		601C43CA1260A2F000DF5482 /* Australia.png */ = {isa = PBXFileReference; lastKnownFileType = image.png; path = Australia.png; sourceTree = "<group>"; };
		601C43CB1260A2F000DF5482 /* Canada.png */ = {isa = PBXFileReference; lastKnownFileType = image.png; path = Canada.png; sourceTree = "<group>"; };
		601C43CC1260A2F000DF5482 /* China.png */ = {isa = PBXFileReference; lastKnownFileType = image.png; path = China.png; sourceTree = "<group>"; };
		601C43CD1260A2F000DF5482 /* European-Union.png */ = {isa = PBXFileReference; lastKnownFileType = image.png; path = "European-Union.png"; sourceTree = "<group>"; };
		601C43CE1260A2F000DF5482 /* Hong-Kong.png */ = {isa = PBXFileReference; lastKnownFileType = image.png; path = "Hong-Kong.png"; sourceTree = "<group>"; };
		601C43CF1260A2F000DF5482 /* India.png */ = {isa = PBXFileReference; lastKnownFileType = image.png; path = India.png; sourceTree = "<group>"; };
		601C43D01260A2F000DF5482 /* Japan.png */ = {isa = PBXFileReference; lastKnownFileType = image.png; path = Japan.png; sourceTree = "<group>"; };
		601C43D11260A2F000DF5482 /* New-Zealand.png */ = {isa = PBXFileReference; lastKnownFileType = image.png; path = "New-Zealand.png"; sourceTree = "<group>"; };
		601C43D21260A2F000DF5482 /* South-Korea.png */ = {isa = PBXFileReference; lastKnownFileType = image.png; path = "South-Korea.png"; sourceTree = "<group>"; };
		601C43D31260A2F000DF5482 /* Switzerland.png */ = {isa = PBXFileReference; lastKnownFileType = image.png; path = Switzerland.png; sourceTree = "<group>"; };
		601C43D41260A2F000DF5482 /* United-Kindom.png */ = {isa = PBXFileReference; lastKnownFileType = image.png; path = "United-Kindom.png"; sourceTree = "<group>"; };
		601C43D51260A2F000DF5482 /* United-States.png */ = {isa = PBXFileReference; lastKnownFileType = image.png; path = "United-States.png"; sourceTree = "<group>"; };
		602439F611422FBA00B0DB34 /* icon.png */ = {isa = PBXFileReference; lastKnownFileType = image.png; path = icon.png; sourceTree = "<group>"; };
		60243A011142399E00B0DB34 /* English */ = {isa = PBXFileReference; fileEncoding = 4; lastKnownFileType = text.plist.strings; name = English; path = English.lproj/InfoPlist.strings; sourceTree = "<group>"; };
		60243A0911423B2900B0DB34 /* Japanese */ = {isa = PBXFileReference; lastKnownFileType = text.plist.strings; name = Japanese; path = Japanese.lproj/InfoPlist.strings; sourceTree = "<group>"; };
		60243A0E11423C7200B0DB34 /* English */ = {isa = PBXFileReference; fileEncoding = 4; lastKnownFileType = text.plist.strings; name = English; path = English.lproj/Localizable.strings; sourceTree = "<group>"; };
		60243A1211423C8700B0DB34 /* Japanese */ = {isa = PBXFileReference; lastKnownFileType = text.plist.strings; name = Japanese; path = Japanese.lproj/Localizable.strings; sourceTree = "<group>"; };
		602A01B0114276B800BA767C /* Default.png */ = {isa = PBXFileReference; lastKnownFileType = image.png; path = Default.png; sourceTree = "<group>"; };
		60471C7F1269619600CD4573 /* AdMobDelegateProtocol.h */ = {isa = PBXFileReference; fileEncoding = 4; lastKnownFileType = sourcecode.c.h; path = AdMobDelegateProtocol.h; sourceTree = "<group>"; };
		60471C801269619600CD4573 /* AdMobInterstitialAd.h */ = {isa = PBXFileReference; fileEncoding = 4; lastKnownFileType = sourcecode.c.h; path = AdMobInterstitialAd.h; sourceTree = "<group>"; };
		60471C811269619600CD4573 /* AdMobInterstitialDelegateProtocol.h */ = {isa = PBXFileReference; fileEncoding = 4; lastKnownFileType = sourcecode.c.h; path = AdMobInterstitialDelegateProtocol.h; sourceTree = "<group>"; };
		60471C821269619600CD4573 /* AdMobView.h */ = {isa = PBXFileReference; fileEncoding = 4; lastKnownFileType = sourcecode.c.h; path = AdMobView.h; sourceTree = "<group>"; };
		60471C831269619600CD4573 /* libAdMob.a */ = {isa = PBXFileReference; lastKnownFileType = archive.ar; path = libAdMob.a; sourceTree = "<group>"; };
		60471C85126961D900CD4573 /* AudioToolbox.framework */ = {isa = PBXFileReference; lastKnownFileType = wrapper.framework; name = AudioToolbox.framework; path = System/Library/Frameworks/AudioToolbox.framework; sourceTree = SDKROOT; };
		60471C87126961D900CD4573 /* MediaPlayer.framework */ = {isa = PBXFileReference; lastKnownFileType = wrapper.framework; name = MediaPlayer.framework; path = System/Library/Frameworks/MediaPlayer.framework; sourceTree = SDKROOT; };
		60471C89126961D900CD4573 /* MessageUI.framework */ = {isa = PBXFileReference; lastKnownFileType = wrapper.framework; name = MessageUI.framework; path = System/Library/Frameworks/MessageUI.framework; sourceTree = SDKROOT; };
		60471C8B126961D900CD4573 /* QuartzCore.framework */ = {isa = PBXFileReference; lastKnownFileType = wrapper.framework; name = QuartzCore.framework; path = System/Library/Frameworks/QuartzCore.framework; sourceTree = SDKROOT; };
		60471C961269621E00CD4573 /* CDataScanner.h */ = {isa = PBXFileReference; fileEncoding = 4; lastKnownFileType = sourcecode.c.h; path = CDataScanner.h; sourceTree = "<group>"; };
		60471C971269621E00CD4573 /* CDataScanner.m */ = {isa = PBXFileReference; fileEncoding = 4; lastKnownFileType = sourcecode.c.objc; path = CDataScanner.m; sourceTree = "<group>"; };
		60471C991269621E00CD4573 /* CDataScanner_Extensions.h */ = {isa = PBXFileReference; fileEncoding = 4; lastKnownFileType = sourcecode.c.h; path = CDataScanner_Extensions.h; sourceTree = "<group>"; };
		60471C9A1269621E00CD4573 /* CDataScanner_Extensions.m */ = {isa = PBXFileReference; fileEncoding = 4; lastKnownFileType = sourcecode.c.objc; path = CDataScanner_Extensions.m; sourceTree = "<group>"; };
		60471C9B1269621E00CD4573 /* NSCharacterSet_Extensions.h */ = {isa = PBXFileReference; fileEncoding = 4; lastKnownFileType = sourcecode.c.h; path = NSCharacterSet_Extensions.h; sourceTree = "<group>"; };
		60471C9C1269621E00CD4573 /* NSCharacterSet_Extensions.m */ = {isa = PBXFileReference; fileEncoding = 4; lastKnownFileType = sourcecode.c.objc; path = NSCharacterSet_Extensions.m; sourceTree = "<group>"; };
		60471C9D1269621E00CD4573 /* NSDictionary_JSONExtensions.h */ = {isa = PBXFileReference; fileEncoding = 4; lastKnownFileType = sourcecode.c.h; path = NSDictionary_JSONExtensions.h; sourceTree = "<group>"; };
		60471C9E1269621E00CD4573 /* NSDictionary_JSONExtensions.m */ = {isa = PBXFileReference; fileEncoding = 4; lastKnownFileType = sourcecode.c.objc; path = NSDictionary_JSONExtensions.m; sourceTree = "<group>"; };
		60471C9F1269621E00CD4573 /* NSScanner_Extensions.h */ = {isa = PBXFileReference; fileEncoding = 4; lastKnownFileType = sourcecode.c.h; path = NSScanner_Extensions.h; sourceTree = "<group>"; };
		60471CA01269621E00CD4573 /* NSScanner_Extensions.m */ = {isa = PBXFileReference; fileEncoding = 4; lastKnownFileType = sourcecode.c.objc; path = NSScanner_Extensions.m; sourceTree = "<group>"; };
		60471CA21269621E00CD4573 /* CJSONDataSerializer.h */ = {isa = PBXFileReference; fileEncoding = 4; lastKnownFileType = sourcecode.c.h; path = CJSONDataSerializer.h; sourceTree = "<group>"; };
		60471CA31269621E00CD4573 /* CJSONDataSerializer.m */ = {isa = PBXFileReference; fileEncoding = 4; lastKnownFileType = sourcecode.c.objc; path = CJSONDataSerializer.m; sourceTree = "<group>"; };
		60471CA41269621E00CD4573 /* CJSONDeserializer.h */ = {isa = PBXFileReference; fileEncoding = 4; lastKnownFileType = sourcecode.c.h; path = CJSONDeserializer.h; sourceTree = "<group>"; };
		60471CA51269621E00CD4573 /* CJSONDeserializer.m */ = {isa = PBXFileReference; fileEncoding = 4; lastKnownFileType = sourcecode.c.objc; path = CJSONDeserializer.m; sourceTree = "<group>"; };
		60471CA61269621E00CD4573 /* CJSONScanner.h */ = {isa = PBXFileReference; fileEncoding = 4; lastKnownFileType = sourcecode.c.h; path = CJSONScanner.h; sourceTree = "<group>"; };
		60471CA71269621E00CD4573 /* CJSONScanner.m */ = {isa = PBXFileReference; fileEncoding = 4; lastKnownFileType = sourcecode.c.objc; path = CJSONScanner.m; sourceTree = "<group>"; };
		60471CA81269621E00CD4573 /* CJSONSerializer.h */ = {isa = PBXFileReference; fileEncoding = 4; lastKnownFileType = sourcecode.c.h; path = CJSONSerializer.h; sourceTree = "<group>"; };
		60471CA91269621E00CD4573 /* CJSONSerializer.m */ = {isa = PBXFileReference; fileEncoding = 4; lastKnownFileType = sourcecode.c.objc; path = CJSONSerializer.m; sourceTree = "<group>"; };
		60471CAA1269621E00CD4573 /* CSerializedJSONData.h */ = {isa = PBXFileReference; fileEncoding = 4; lastKnownFileType = sourcecode.c.h; path = CSerializedJSONData.h; sourceTree = "<group>"; };
		60471CAB1269621E00CD4573 /* CSerializedJSONData.m */ = {isa = PBXFileReference; fileEncoding = 4; lastKnownFileType = sourcecode.c.objc; path = CSerializedJSONData.m; sourceTree = "<group>"; };
		607C8A4D113AA04C00233C7E /* CurrencyExchange.m */ = {isa = PBXFileReference; fileEncoding = 4; lastKnownFileType = sourcecode.c.objc; path = CurrencyExchange.m; sourceTree = "<group>"; };
		607C8A4E113AA04D00233C7E /* CurrencyExchange.h */ = {isa = PBXFileReference; fileEncoding = 4; lastKnownFileType = sourcecode.c.h; path = CurrencyExchange.h; sourceTree = "<group>"; };
		60D2733A10E9B49C00F95EB7 /* MoneyTypePadView.h */ = {isa = PBXFileReference; fileEncoding = 4; lastKnownFileType = sourcecode.c.h; path = MoneyTypePadView.h; sourceTree = "<group>"; };
		60D2733B10E9B49C00F95EB7 /* MoneyTypePadView.m */ = {isa = PBXFileReference; fileEncoding = 4; lastKnownFileType = sourcecode.c.objc; path = MoneyTypePadView.m; sourceTree = "<group>"; };
		60D2741B10E9CD9B00F95EB7 /* blueButton.png */ = {isa = PBXFileReference; lastKnownFileType = image.png; path = blueButton.png; sourceTree = "<group>"; };
		60D2741C10E9CD9B00F95EB7 /* whiteButton.png */ = {isa = PBXFileReference; lastKnownFileType = image.png; path = whiteButton.png; sourceTree = "<group>"; };
		60D274BC10ED836F00F95EB7 /* MoneyModel.h */ = {isa = PBXFileReference; fileEncoding = 4; lastKnownFileType = sourcecode.c.h; path = MoneyModel.h; sourceTree = "<group>"; };
		60D274BD10ED836F00F95EB7 /* MoneyModel.m */ = {isa = PBXFileReference; fileEncoding = 4; lastKnownFileType = sourcecode.c.objc; path = MoneyModel.m; sourceTree = "<group>"; };
		60F033C81262A379009E2DFD /* Bulgaria.png */ = {isa = PBXFileReference; lastKnownFileType = image.png; path = Bulgaria.png; sourceTree = "<group>"; };
		60F033CA1262A476009E2DFD /* Czech-Republic.png */ = {isa = PBXFileReference; lastKnownFileType = image.png; path = "Czech-Republic.png"; sourceTree = "<group>"; };
		60F033CC1262A5A1009E2DFD /* Denmark.png */ = {isa = PBXFileReference; lastKnownFileType = image.png; path = Denmark.png; sourceTree = "<group>"; };
		60F033CE1262A63E009E2DFD /* Estonia.png */ = {isa = PBXFileReference; lastKnownFileType = image.png; path = Estonia.png; sourceTree = "<group>"; };
		60F033D01262A6FB009E2DFD /* Hungary.png */ = {isa = PBXFileReference; lastKnownFileType = image.png; path = Hungary.png; sourceTree = "<group>"; };
		60F033D21262A79F009E2DFD /* Lithuania.png */ = {isa = PBXFileReference; lastKnownFileType = image.png; path = Lithuania.png; sourceTree = "<group>"; };
		60F033D41262A804009E2DFD /* Latvia.png */ = {isa = PBXFileReference; lastKnownFileType = image.png; path = Latvia.png; sourceTree = "<group>"; };
		60F033E01262AA57009E2DFD /* Indonesia.png */ = {isa = PBXFileReference; lastKnownFileType = image.png; path = Indonesia.png; sourceTree = "<group>"; };
		60F03510126330FE009E2DFD /* MoneyUnitConverterController.h */ = {isa = PBXFileReference; fileEncoding = 4; lastKnownFileType = sourcecode.c.h; path = MoneyUnitConverterController.h; sourceTree = "<group>"; };
		60F03511126330FE009E2DFD /* MoneyUnitConverterController.m */ = {isa = PBXFileReference; fileEncoding = 4; lastKnownFileType = sourcecode.c.objc; path = MoneyUnitConverterController.m; sourceTree = "<group>"; };
		60F0352612633BEA009E2DFD /* SettingsViewController.h */ = {isa = PBXFileReference; fileEncoding = 4; lastKnownFileType = sourcecode.c.h; path = SettingsViewController.h; sourceTree = "<group>"; };
		60F0352712633BEA009E2DFD /* SettingsViewController.m */ = {isa = PBXFileReference; fileEncoding = 4; lastKnownFileType = sourcecode.c.objc; path = SettingsViewController.m; sourceTree = "<group>"; };
		60FE3854126B1DFC0083C134 /* Brazil.png */ = {isa = PBXFileReference; lastKnownFileType = image.png; path = Brazil.png; sourceTree = "<group>"; };
		60FE3855126B1DFC0083C134 /* Croatia.png */ = {isa = PBXFileReference; lastKnownFileType = image.png; path = Croatia.png; sourceTree = "<group>"; };
		60FE3856126B1DFC0083C134 /* Malaysia.png */ = {isa = PBXFileReference; lastKnownFileType = image.png; path = Malaysia.png; sourceTree = "<group>"; };
		60FE3857126B1DFC0083C134 /* Mexico.png */ = {isa = PBXFileReference; lastKnownFileType = image.png; path = Mexico.png; sourceTree = "<group>"; };
		60FE3858126B1DFC0083C134 /* Norway.png */ = {isa = PBXFileReference; lastKnownFileType = image.png; path = Norway.png; sourceTree = "<group>"; };
		60FE3859126B1DFC0083C134 /* Philippines.png */ = {isa = PBXFileReference; lastKnownFileType = image.png; path = Philippines.png; sourceTree = "<group>"; };
		60FE385A126B1DFC0083C134 /* Poland.png */ = {isa = PBXFileReference; lastKnownFileType = image.png; path = Poland.png; sourceTree = "<group>"; };
		60FE385B126B1DFC0083C134 /* Romania.png */ = {isa = PBXFileReference; lastKnownFileType = image.png; path = Romania.png; sourceTree = "<group>"; };
		60FE385C126B1DFC0083C134 /* Russia.png */ = {isa = PBXFileReference; lastKnownFileType = image.png; path = Russia.png; sourceTree = "<group>"; };
		60FE385D126B1DFC0083C134 /* Singapore.png */ = {isa = PBXFileReference; lastKnownFileType = image.png; path = Singapore.png; sourceTree = "<group>"; };
		60FE385E126B1DFC0083C134 /* South-Africa.png */ = {isa = PBXFileReference; lastKnownFileType = image.png; path = "South-Africa.png"; sourceTree = "<group>"; };
		60FE385F126B1DFC0083C134 /* Sweden.png */ = {isa = PBXFileReference; lastKnownFileType = image.png; path = Sweden.png; sourceTree = "<group>"; };
		60FE3860126B1DFC0083C134 /* Thailand.png */ = {isa = PBXFileReference; lastKnownFileType = image.png; path = Thailand.png; sourceTree = "<group>"; };
		60FE3861126B1DFC0083C134 /* Turkey.png */ = {isa = PBXFileReference; lastKnownFileType = image.png; path = Turkey.png; sourceTree = "<group>"; };
		60FE387B126B20250083C134 /* Japan@2x.png */ = {isa = PBXFileReference; lastKnownFileType = image.png; path = "Japan@2x.png"; sourceTree = "<group>"; };
		60FE38C4126B23270083C134 /* Australia@2x.png */ = {isa = PBXFileReference; lastKnownFileType = image.png; path = "Australia@2x.png"; sourceTree = "<group>"; };
		60FE38C5126B23270083C134 /* Brazil@2x.png */ = {isa = PBXFileReference; lastKnownFileType = image.png; path = "Brazil@2x.png"; sourceTree = "<group>"; };
		60FE38C6126B23270083C134 /* Bulgaria@2x.png */ = {isa = PBXFileReference; lastKnownFileType = image.png; path = "Bulgaria@2x.png"; sourceTree = "<group>"; };
		60FE38C7126B23270083C134 /* Canada@2x.png */ = {isa = PBXFileReference; lastKnownFileType = image.png; path = "Canada@2x.png"; sourceTree = "<group>"; };
		60FE38C8126B23270083C134 /* China@2x.png */ = {isa = PBXFileReference; lastKnownFileType = image.png; path = "China@2x.png"; sourceTree = "<group>"; };
		60FE38C9126B23270083C134 /* Croatia@2x.png */ = {isa = PBXFileReference; lastKnownFileType = image.png; path = "Croatia@2x.png"; sourceTree = "<group>"; };
		60FE38CA126B23270083C134 /* Czech-Republic@2x.png */ = {isa = PBXFileReference; lastKnownFileType = image.png; path = "Czech-Republic@2x.png"; sourceTree = "<group>"; };
		60FE38CB126B23270083C134 /* Denmark@2x.png */ = {isa = PBXFileReference; lastKnownFileType = image.png; path = "Denmark@2x.png"; sourceTree = "<group>"; };
		60FE38CC126B23270083C134 /* Estonia@2x.png */ = {isa = PBXFileReference; lastKnownFileType = image.png; path = "Estonia@2x.png"; sourceTree = "<group>"; };
		60FE38CD126B23270083C134 /* European-Union@2x.png */ = {isa = PBXFileReference; lastKnownFileType = image.png; path = "European-Union@2x.png"; sourceTree = "<group>"; };
		60FE38CE126B23270083C134 /* Hong-Kong@2x.png */ = {isa = PBXFileReference; lastKnownFileType = image.png; path = "Hong-Kong@2x.png"; sourceTree = "<group>"; };
		60FE38CF126B23270083C134 /* Hungary@2x.png */ = {isa = PBXFileReference; lastKnownFileType = image.png; path = "Hungary@2x.png"; sourceTree = "<group>"; };
		60FE38D0126B23270083C134 /* India@2x.png */ = {isa = PBXFileReference; lastKnownFileType = image.png; path = "India@2x.png"; sourceTree = "<group>"; };
		60FE38D1126B23270083C134 /* Indonesia@2x.png */ = {isa = PBXFileReference; lastKnownFileType = image.png; path = "Indonesia@2x.png"; sourceTree = "<group>"; };
		60FE38D2126B23270083C134 /* Latvia@2x.png */ = {isa = PBXFileReference; lastKnownFileType = image.png; path = "Latvia@2x.png"; sourceTree = "<group>"; };
		60FE38D3126B23270083C134 /* Lithuania@2x.png */ = {isa = PBXFileReference; lastKnownFileType = image.png; path = "Lithuania@2x.png"; sourceTree = "<group>"; };
		60FE38D4126B23270083C134 /* Malaysia@2x.png */ = {isa = PBXFileReference; lastKnownFileType = image.png; path = "Malaysia@2x.png"; sourceTree = "<group>"; };
		60FE38D5126B23270083C134 /* Mexico@2x.png */ = {isa = PBXFileReference; lastKnownFileType = image.png; path = "Mexico@2x.png"; sourceTree = "<group>"; };
		60FE38D6126B23270083C134 /* New-Zealand@2x.png */ = {isa = PBXFileReference; lastKnownFileType = image.png; path = "New-Zealand@2x.png"; sourceTree = "<group>"; };
		60FE38D7126B23270083C134 /* Norway@2x.png */ = {isa = PBXFileReference; lastKnownFileType = image.png; path = "Norway@2x.png"; sourceTree = "<group>"; };
		60FE38D8126B23270083C134 /* Philippines@2x.png */ = {isa = PBXFileReference; lastKnownFileType = image.png; path = "Philippines@2x.png"; sourceTree = "<group>"; };
		60FE38D9126B23270083C134 /* Poland@2x.png */ = {isa = PBXFileReference; lastKnownFileType = image.png; path = "Poland@2x.png"; sourceTree = "<group>"; };
		60FE38DA126B23270083C134 /* Romania@2x.png */ = {isa = PBXFileReference; lastKnownFileType = image.png; path = "Romania@2x.png"; sourceTree = "<group>"; };
		60FE38DB126B23270083C134 /* Russia@2x.png */ = {isa = PBXFileReference; lastKnownFileType = image.png; path = "Russia@2x.png"; sourceTree = "<group>"; };
		60FE38DC126B23270083C134 /* Singapore@2x.png */ = {isa = PBXFileReference; lastKnownFileType = image.png; path = "Singapore@2x.png"; sourceTree = "<group>"; };
		60FE38DD126B23270083C134 /* South-Africa@2x.png */ = {isa = PBXFileReference; lastKnownFileType = image.png; path = "South-Africa@2x.png"; sourceTree = "<group>"; };
		60FE38DE126B23270083C134 /* South-Korea@2x.png */ = {isa = PBXFileReference; lastKnownFileType = image.png; path = "South-Korea@2x.png"; sourceTree = "<group>"; };
		60FE38DF126B23270083C134 /* Sweden@2x.png */ = {isa = PBXFileReference; lastKnownFileType = image.png; path = "Sweden@2x.png"; sourceTree = "<group>"; };
		60FE38E0126B23270083C134 /* Switzerland@2x.png */ = {isa = PBXFileReference; lastKnownFileType = image.png; path = "Switzerland@2x.png"; sourceTree = "<group>"; };
		60FE38E1126B23270083C134 /* Thailand@2x.png */ = {isa = PBXFileReference; lastKnownFileType = image.png; path = "Thailand@2x.png"; sourceTree = "<group>"; };
		60FE38E2126B23270083C134 /* Turkey@2x.png */ = {isa = PBXFileReference; lastKnownFileType = image.png; path = "Turkey@2x.png"; sourceTree = "<group>"; };
		60FE38E3126B23270083C134 /* United-Kindom@2x.png */ = {isa = PBXFileReference; lastKnownFileType = image.png; path = "United-Kindom@2x.png"; sourceTree = "<group>"; };
		60FE38E4126B23270083C134 /* United-States@2x.png */ = {isa = PBXFileReference; lastKnownFileType = image.png; path = "United-States@2x.png"; sourceTree = "<group>"; };
		8D1107310486CEB800E47090 /* MoneyUnitConverter-Info.plist */ = {isa = PBXFileReference; fileEncoding = 4; lastKnownFileType = text.plist.xml; path = "MoneyUnitConverter-Info.plist"; plistStructureDefinitionIdentifier = "com.apple.xcode.plist.structure-definition.iphone.info-plist"; sourceTree = "<group>"; };
/* End PBXFileReference section */

/* Begin PBXFrameworksBuildPhase section */
		1D60588F0D05DD3D006BFB54 /* Frameworks */ = {
			isa = PBXFrameworksBuildPhase;
			buildActionMask = 2147483647;
			files = (
				1D60589F0D05DD5A006BFB54 /* Foundation.framework in Frameworks */,
				1DF5F4E00D08C38300B7A737 /* UIKit.framework in Frameworks */,
				288765A50DF7441C002DB57D /* CoreGraphics.framework in Frameworks */,
				60471C841269619600CD4573 /* libAdMob.a in Frameworks */,
				60471C86126961D900CD4573 /* AudioToolbox.framework in Frameworks */,
				60471C88126961D900CD4573 /* MediaPlayer.framework in Frameworks */,
				60471C8A126961D900CD4573 /* MessageUI.framework in Frameworks */,
				60471C8C126961D900CD4573 /* QuartzCore.framework in Frameworks */,
			);
			runOnlyForDeploymentPostprocessing = 0;
		};
/* End PBXFrameworksBuildPhase section */

/* Begin PBXGroup section */
		080E96DDFE201D6D7F000001 /* Classes */ = {
			isa = PBXGroup;
			children = (
			);
			path = Classes;
			sourceTree = "<group>";
		};
		19C28FACFE9D520D11CA2CBB /* Products */ = {
			isa = PBXGroup;
			children = (
				1D6058910D05DD3D006BFB54 /* MoneyUnitConverter.app */,
			);
			name = Products;
			sourceTree = "<group>";
		};
		29B97314FDCFA39411CA2CEA /* CustomTemplate */ = {
			isa = PBXGroup;
			children = (
				60471C951269621E00CD4573 /* TouchJSON */,
				60471C7E1269619600CD4573 /* AdMob */,
				60F0352612633BEA009E2DFD /* SettingsViewController.h */,
				60F0352712633BEA009E2DFD /* SettingsViewController.m */,
				60F03510126330FE009E2DFD /* MoneyUnitConverterController.h */,
				60F03511126330FE009E2DFD /* MoneyUnitConverterController.m */,
				602439F611422FBA00B0DB34 /* icon.png */,
				607C8A4D113AA04C00233C7E /* CurrencyExchange.m */,
				607C8A4E113AA04D00233C7E /* CurrencyExchange.h */,
				601589BA111EF0D900F955DF /* UnitCalcBack.png */,
				60D274BC10ED836F00F95EB7 /* MoneyModel.h */,
				60D274BD10ED836F00F95EB7 /* MoneyModel.m */,
				60D2733A10E9B49C00F95EB7 /* MoneyTypePadView.h */,
				60D2733B10E9B49C00F95EB7 /* MoneyTypePadView.m */,
				080E96DDFE201D6D7F000001 /* Classes */,
				29B97315FDCFA39411CA2CEA /* Other Sources */,
				29B97317FDCFA39411CA2CEA /* Resources */,
				29B97323FDCFA39411CA2CEA /* Frameworks */,
				19C28FACFE9D520D11CA2CBB /* Products */,
			);
			name = CustomTemplate;
			sourceTree = "<group>";
		};
		29B97315FDCFA39411CA2CEA /* Other Sources */ = {
			isa = PBXGroup;
			children = (
				32CA4F630368D1EE00C91783 /* MoneyUnitConverter_Prefix.pch */,
				29B97316FDCFA39411CA2CEA /* main.m */,
			);
			name = "Other Sources";
			sourceTree = "<group>";
		};
		29B97317FDCFA39411CA2CEA /* Resources */ = {
			isa = PBXGroup;
			children = (
				60FE38C4126B23270083C134 /* Australia@2x.png */,
				60FE38C5126B23270083C134 /* Brazil@2x.png */,
				60FE38C6126B23270083C134 /* Bulgaria@2x.png */,
				60FE38C7126B23270083C134 /* Canada@2x.png */,
				60FE38C8126B23270083C134 /* China@2x.png */,
				60FE38C9126B23270083C134 /* Croatia@2x.png */,
				60FE38CA126B23270083C134 /* Czech-Republic@2x.png */,
				60FE38CB126B23270083C134 /* Denmark@2x.png */,
				60FE38CC126B23270083C134 /* Estonia@2x.png */,
				60FE38CD126B23270083C134 /* European-Union@2x.png */,
				60FE38CE126B23270083C134 /* Hong-Kong@2x.png */,
				60FE38CF126B23270083C134 /* Hungary@2x.png */,
				60FE38D0126B23270083C134 /* India@2x.png */,
				60FE38D1126B23270083C134 /* Indonesia@2x.png */,
				60FE38D2126B23270083C134 /* Latvia@2x.png */,
				60FE38D3126B23270083C134 /* Lithuania@2x.png */,
				60FE38D4126B23270083C134 /* Malaysia@2x.png */,
				60FE38D5126B23270083C134 /* Mexico@2x.png */,
				60FE38D6126B23270083C134 /* New-Zealand@2x.png */,
				60FE38D7126B23270083C134 /* Norway@2x.png */,
				60FE38D8126B23270083C134 /* Philippines@2x.png */,
				60FE38D9126B23270083C134 /* Poland@2x.png */,
				60FE38DA126B23270083C134 /* Romania@2x.png */,
				60FE38DB126B23270083C134 /* Russia@2x.png */,
				60FE38DC126B23270083C134 /* Singapore@2x.png */,
				60FE38DD126B23270083C134 /* South-Africa@2x.png */,
				60FE38DE126B23270083C134 /* South-Korea@2x.png */,
				60FE38DF126B23270083C134 /* Sweden@2x.png */,
				60FE38E0126B23270083C134 /* Switzerland@2x.png */,
				60FE38E1126B23270083C134 /* Thailand@2x.png */,
				60FE38E2126B23270083C134 /* Turkey@2x.png */,
				60FE38E3126B23270083C134 /* United-Kindom@2x.png */,
				60FE38E4126B23270083C134 /* United-States@2x.png */,
				60FE3854126B1DFC0083C134 /* Brazil.png */,
				60FE3855126B1DFC0083C134 /* Croatia.png */,
				60FE3856126B1DFC0083C134 /* Malaysia.png */,
				60FE3857126B1DFC0083C134 /* Mexico.png */,
				60FE3858126B1DFC0083C134 /* Norway.png */,
				60FE3859126B1DFC0083C134 /* Philippines.png */,
				60FE385A126B1DFC0083C134 /* Poland.png */,
				60FE385B126B1DFC0083C134 /* Romania.png */,
				60FE385C126B1DFC0083C134 /* Russia.png */,
				60FE385D126B1DFC0083C134 /* Singapore.png */,
				60FE385E126B1DFC0083C134 /* South-Africa.png */,
				60FE385F126B1DFC0083C134 /* Sweden.png */,
				60FE3860126B1DFC0083C134 /* Thailand.png */,
				60FE3861126B1DFC0083C134 /* Turkey.png */,
				60F033E01262AA57009E2DFD /* Indonesia.png */,
				60F033D41262A804009E2DFD /* Latvia.png */,
				60F033D21262A79F009E2DFD /* Lithuania.png */,
				60F033D01262A6FB009E2DFD /* Hungary.png */,
				60F033CE1262A63E009E2DFD /* Estonia.png */,
				60F033CC1262A5A1009E2DFD /* Denmark.png */,
				60F033CA1262A476009E2DFD /* Czech-Republic.png */,
				60F033C81262A379009E2DFD /* Bulgaria.png */,
				601C43CA1260A2F000DF5482 /* Australia.png */,
				601C43CB1260A2F000DF5482 /* Canada.png */,
				601C43CC1260A2F000DF5482 /* China.png */,
				601C43CD1260A2F000DF5482 /* European-Union.png */,
				601C43CE1260A2F000DF5482 /* Hong-Kong.png */,
				601C43CF1260A2F000DF5482 /* India.png */,
				601C43D01260A2F000DF5482 /* Japan.png */,
				60FE387B126B20250083C134 /* Japan@2x.png */,
				601C43D11260A2F000DF5482 /* New-Zealand.png */,
				601C43D21260A2F000DF5482 /* South-Korea.png */,
				601C43D31260A2F000DF5482 /* Switzerland.png */,
				601C43D41260A2F000DF5482 /* United-Kindom.png */,
				601C43D51260A2F000DF5482 /* United-States.png */,
				60D2741B10E9CD9B00F95EB7 /* blueButton.png */,
				60D2741C10E9CD9B00F95EB7 /* whiteButton.png */,
				8D1107310486CEB800E47090 /* MoneyUnitConverter-Info.plist */,
				60243A0711423B0400B0DB34 /* InfoPlist.strings */,
				60243A1011423C7900B0DB34 /* Localizable.strings */,
				602A01B0114276B800BA767C /* Default.png */,
			);
			name = Resources;
			sourceTree = "<group>";
		};
		29B97323FDCFA39411CA2CEA /* Frameworks */ = {
			isa = PBXGroup;
			children = (
				1DF5F4DF0D08C38300B7A737 /* UIKit.framework */,
				1D30AB110D05D00D00671497 /* Foundation.framework */,
				288765A40DF7441C002DB57D /* CoreGraphics.framework */,
				60471C85126961D900CD4573 /* AudioToolbox.framework */,
				60471C87126961D900CD4573 /* MediaPlayer.framework */,
				60471C89126961D900CD4573 /* MessageUI.framework */,
				60471C8B126961D900CD4573 /* QuartzCore.framework */,
			);
			name = Frameworks;
			sourceTree = "<group>";
		};
		60471C7E1269619600CD4573 /* AdMob */ = {
			isa = PBXGroup;
			children = (
				60471C7F1269619600CD4573 /* AdMobDelegateProtocol.h */,
				60471C801269619600CD4573 /* AdMobInterstitialAd.h */,
				60471C811269619600CD4573 /* AdMobInterstitialDelegateProtocol.h */,
				60471C821269619600CD4573 /* AdMobView.h */,
				60471C831269619600CD4573 /* libAdMob.a */,
			);
			path = AdMob;
			sourceTree = "<group>";
		};
		60471C951269621E00CD4573 /* TouchJSON */ = {
			isa = PBXGroup;
			children = (
				60471C961269621E00CD4573 /* CDataScanner.h */,
				60471C971269621E00CD4573 /* CDataScanner.m */,
				60471C981269621E00CD4573 /* Extensions */,
				60471CA11269621E00CD4573 /* JSON */,
			);
			path = TouchJSON;
			sourceTree = "<group>";
		};
		60471C981269621E00CD4573 /* Extensions */ = {
			isa = PBXGroup;
			children = (
				60471C991269621E00CD4573 /* CDataScanner_Extensions.h */,
				60471C9A1269621E00CD4573 /* CDataScanner_Extensions.m */,
				60471C9B1269621E00CD4573 /* NSCharacterSet_Extensions.h */,
				60471C9C1269621E00CD4573 /* NSCharacterSet_Extensions.m */,
				60471C9D1269621E00CD4573 /* NSDictionary_JSONExtensions.h */,
				60471C9E1269621E00CD4573 /* NSDictionary_JSONExtensions.m */,
				60471C9F1269621E00CD4573 /* NSScanner_Extensions.h */,
				60471CA01269621E00CD4573 /* NSScanner_Extensions.m */,
			);
			path = Extensions;
			sourceTree = "<group>";
		};
		60471CA11269621E00CD4573 /* JSON */ = {
			isa = PBXGroup;
			children = (
				60471CA21269621E00CD4573 /* CJSONDataSerializer.h */,
				60471CA31269621E00CD4573 /* CJSONDataSerializer.m */,
				60471CA41269621E00CD4573 /* CJSONDeserializer.h */,
				60471CA51269621E00CD4573 /* CJSONDeserializer.m */,
				60471CA61269621E00CD4573 /* CJSONScanner.h */,
				60471CA71269621E00CD4573 /* CJSONScanner.m */,
				60471CA81269621E00CD4573 /* CJSONSerializer.h */,
				60471CA91269621E00CD4573 /* CJSONSerializer.m */,
				60471CAA1269621E00CD4573 /* CSerializedJSONData.h */,
				60471CAB1269621E00CD4573 /* CSerializedJSONData.m */,
			);
			path = JSON;
			sourceTree = "<group>";
		};
/* End PBXGroup section */

/* Begin PBXNativeTarget section */
		1D6058900D05DD3D006BFB54 /* MoneyUnitConverter */ = {
			isa = PBXNativeTarget;
			buildConfigurationList = 1D6058960D05DD3E006BFB54 /* Build configuration list for PBXNativeTarget "MoneyUnitConverter" */;
			buildPhases = (
				1D60588D0D05DD3D006BFB54 /* Resources */,
				1D60588E0D05DD3D006BFB54 /* Sources */,
				1D60588F0D05DD3D006BFB54 /* Frameworks */,
			);
			buildRules = (
			);
			dependencies = (
			);
			name = MoneyUnitConverter;
			productName = MoneyUnitConverter;
			productReference = 1D6058910D05DD3D006BFB54 /* MoneyUnitConverter.app */;
			productType = "com.apple.product-type.application";
		};
/* End PBXNativeTarget section */

/* Begin PBXProject section */
		29B97313FDCFA39411CA2CEA /* Project object */ = {
			isa = PBXProject;
			buildConfigurationList = C01FCF4E08A954540054247B /* Build configuration list for PBXProject "MoneyUnitConverter" */;
			compatibilityVersion = "Xcode 3.1";
			developmentRegion = English;
			hasScannedForEncodings = 1;
			knownRegions = (
				English,
				Japanese,
				French,
				German,
			);
			mainGroup = 29B97314FDCFA39411CA2CEA /* CustomTemplate */;
			projectDirPath = "";
			projectRoot = "";
			targets = (
				1D6058900D05DD3D006BFB54 /* MoneyUnitConverter */,
			);
		};
/* End PBXProject section */

/* Begin PBXResourcesBuildPhase section */
		1D60588D0D05DD3D006BFB54 /* Resources */ = {
			isa = PBXResourcesBuildPhase;
			buildActionMask = 2147483647;
			files = (
				60D2741D10E9CD9B00F95EB7 /* blueButton.png in Resources */,
				60D2741E10E9CD9B00F95EB7 /* whiteButton.png in Resources */,
				601589BB111EF0D900F955DF /* UnitCalcBack.png in Resources */,
				602439F711422FBA00B0DB34 /* icon.png in Resources */,
				60243A0811423B0400B0DB34 /* InfoPlist.strings in Resources */,
				60243A1111423C7900B0DB34 /* Localizable.strings in Resources */,
				602A01B1114276B800BA767C /* Default.png in Resources */,
				601C43D61260A2F000DF5482 /* Australia.png in Resources */,
				601C43D71260A2F000DF5482 /* Canada.png in Resources */,
				601C43D81260A2F000DF5482 /* China.png in Resources */,
				601C43D91260A2F000DF5482 /* European-Union.png in Resources */,
				601C43DA1260A2F000DF5482 /* Hong-Kong.png in Resources */,
				601C43DB1260A2F000DF5482 /* India.png in Resources */,
				601C43DC1260A2F000DF5482 /* Japan.png in Resources */,
				601C43DD1260A2F000DF5482 /* New-Zealand.png in Resources */,
				601C43DE1260A2F000DF5482 /* South-Korea.png in Resources */,
				601C43DF1260A2F000DF5482 /* Switzerland.png in Resources */,
				601C43E01260A2F000DF5482 /* United-Kindom.png in Resources */,
				601C43E11260A2F000DF5482 /* United-States.png in Resources */,
				60F033C91262A379009E2DFD /* Bulgaria.png in Resources */,
				60F033CB1262A476009E2DFD /* Czech-Republic.png in Resources */,
				60F033CD1262A5A1009E2DFD /* Denmark.png in Resources */,
				60F033CF1262A63E009E2DFD /* Estonia.png in Resources */,
				60F033D11262A6FB009E2DFD /* Hungary.png in Resources */,
				60F033D31262A79F009E2DFD /* Lithuania.png in Resources */,
				60F033D51262A804009E2DFD /* Latvia.png in Resources */,
				60F033E11262AA57009E2DFD /* Indonesia.png in Resources */,
				60FE3862126B1DFC0083C134 /* Brazil.png in Resources */,
				60FE3863126B1DFD0083C134 /* Croatia.png in Resources */,
				60FE3864126B1DFD0083C134 /* Malaysia.png in Resources */,
				60FE3865126B1DFD0083C134 /* Mexico.png in Resources */,
				60FE3866126B1DFD0083C134 /* Norway.png in Resources */,
				60FE3867126B1DFD0083C134 /* Philippines.png in Resources */,
				60FE3868126B1DFD0083C134 /* Poland.png in Resources */,
				60FE3869126B1DFD0083C134 /* Romania.png in Resources */,
				60FE386A126B1DFD0083C134 /* Russia.png in Resources */,
				60FE386B126B1DFD0083C134 /* Singapore.png in Resources */,
				60FE386C126B1DFD0083C134 /* South-Africa.png in Resources */,
				60FE386D126B1DFD0083C134 /* Sweden.png in Resources */,
				60FE386E126B1DFD0083C134 /* Thailand.png in Resources */,
				60FE386F126B1DFD0083C134 /* Turkey.png in Resources */,
				60FE387C126B20250083C134 /* Japan@2x.png in Resources */,
				60FE38E5126B23270083C134 /* Australia@2x.png in Resources */,
				60FE38E6126B23270083C134 /* Brazil@2x.png in Resources */,
				60FE38E7126B23270083C134 /* Bulgaria@2x.png in Resources */,
				60FE38E8126B23270083C134 /* Canada@2x.png in Resources */,
				60FE38E9126B23270083C134 /* China@2x.png in Resources */,
				60FE38EA126B23270083C134 /* Croatia@2x.png in Resources */,
				60FE38EB126B23270083C134 /* Czech-Republic@2x.png in Resources */,
				60FE38EC126B23270083C134 /* Denmark@2x.png in Resources */,
				60FE38ED126B23270083C134 /* Estonia@2x.png in Resources */,
				60FE38EE126B23270083C134 /* European-Union@2x.png in Resources */,
				60FE38EF126B23270083C134 /* Hong-Kong@2x.png in Resources */,
				60FE38F0126B23270083C134 /* Hungary@2x.png in Resources */,
				60FE38F1126B23270083C134 /* India@2x.png in Resources */,
				60FE38F2126B23270083C134 /* Indonesia@2x.png in Resources */,
				60FE38F3126B23270083C134 /* Latvia@2x.png in Resources */,
				60FE38F4126B23270083C134 /* Lithuania@2x.png in Resources */,
				60FE38F5126B23270083C134 /* Malaysia@2x.png in Resources */,
				60FE38F6126B23270083C134 /* Mexico@2x.png in Resources */,
				60FE38F7126B23270083C134 /* New-Zealand@2x.png in Resources */,
				60FE38F8126B23270083C134 /* Norway@2x.png in Resources */,
				60FE38F9126B23270083C134 /* Philippines@2x.png in Resources */,
				60FE38FA126B23270083C134 /* Poland@2x.png in Resources */,
				60FE38FB126B23270083C134 /* Romania@2x.png in Resources */,
				60FE38FC126B23270083C134 /* Russia@2x.png in Resources */,
				60FE38FD126B23270083C134 /* Singapore@2x.png in Resources */,
				60FE38FE126B23270083C134 /* South-Africa@2x.png in Resources */,
				60FE38FF126B23270083C134 /* South-Korea@2x.png in Resources */,
				60FE3900126B23270083C134 /* Sweden@2x.png in Resources */,
				60FE3901126B23270083C134 /* Switzerland@2x.png in Resources */,
				60FE3902126B23270083C134 /* Thailand@2x.png in Resources */,
				60FE3903126B23270083C134 /* Turkey@2x.png in Resources */,
				60FE3904126B23270083C134 /* United-Kindom@2x.png in Resources */,
				60FE3905126B23270083C134 /* United-States@2x.png in Resources */,
			);
			runOnlyForDeploymentPostprocessing = 0;
		};
/* End PBXResourcesBuildPhase section */

/* Begin PBXSourcesBuildPhase section */
		1D60588E0D05DD3D006BFB54 /* Sources */ = {
			isa = PBXSourcesBuildPhase;
			buildActionMask = 2147483647;
			files = (
				1D60589B0D05DD56006BFB54 /* main.m in Sources */,
				60D2733C10E9B49C00F95EB7 /* MoneyTypePadView.m in Sources */,
				60D274BE10ED836F00F95EB7 /* MoneyModel.m in Sources */,
				607C8A4F113AA04D00233C7E /* CurrencyExchange.m in Sources */,
				60F03512126330FE009E2DFD /* MoneyUnitConverterController.m in Sources */,
				60F0352812633BEA009E2DFD /* SettingsViewController.m in Sources */,
				60471CAC1269621E00CD4573 /* CDataScanner.m in Sources */,
				60471CAD1269621E00CD4573 /* CDataScanner_Extensions.m in Sources */,
				60471CAE1269621E00CD4573 /* NSCharacterSet_Extensions.m in Sources */,
				60471CAF1269621E00CD4573 /* NSDictionary_JSONExtensions.m in Sources */,
				60471CB01269621E00CD4573 /* NSScanner_Extensions.m in Sources */,
				60471CB11269621E00CD4573 /* CJSONDataSerializer.m in Sources */,
				60471CB21269621E00CD4573 /* CJSONDeserializer.m in Sources */,
				60471CB31269621E00CD4573 /* CJSONScanner.m in Sources */,
				60471CB41269621E00CD4573 /* CJSONSerializer.m in Sources */,
				60471CB51269621E00CD4573 /* CSerializedJSONData.m in Sources */,
			);
			runOnlyForDeploymentPostprocessing = 0;
		};
/* End PBXSourcesBuildPhase section */

/* Begin PBXVariantGroup section */
		60243A0711423B0400B0DB34 /* InfoPlist.strings */ = {
			isa = PBXVariantGroup;
			children = (
				60243A011142399E00B0DB34 /* English */,
				60243A0911423B2900B0DB34 /* Japanese */,
			);
			name = InfoPlist.strings;
			sourceTree = "<group>";
		};
		60243A1011423C7900B0DB34 /* Localizable.strings */ = {
			isa = PBXVariantGroup;
			children = (
				60243A0E11423C7200B0DB34 /* English */,
				60243A1211423C8700B0DB34 /* Japanese */,
			);
			name = Localizable.strings;
			sourceTree = "<group>";
		};
/* End PBXVariantGroup section */

/* Begin XCBuildConfiguration section */
		1D6058940D05DD3E006BFB54 /* Debug */ = {
			isa = XCBuildConfiguration;
			buildSettings = {
				ALWAYS_SEARCH_USER_PATHS = NO;
				COPY_PHASE_STRIP = NO;
				GCC_DYNAMIC_NO_PIC = NO;
				GCC_OPTIMIZATION_LEVEL = 0;
				GCC_PRECOMPILE_PREFIX_HEADER = YES;
				GCC_PREFIX_HEADER = MoneyUnitConverter_Prefix.pch;
				INFOPLIST_FILE = "MoneyUnitConverter-Info.plist";
				LIBRARY_SEARCH_PATHS = (
					"$(inherited)",
					"\"$(SRCROOT)/AdMob\"",
				);
				PRODUCT_NAME = MoneyUnitConverter;
			};
			name = Debug;
		};
		1D6058950D05DD3E006BFB54 /* Release */ = {
			isa = XCBuildConfiguration;
			buildSettings = {
				ALWAYS_SEARCH_USER_PATHS = NO;
				COPY_PHASE_STRIP = YES;
				GCC_PRECOMPILE_PREFIX_HEADER = YES;
				GCC_PREFIX_HEADER = MoneyUnitConverter_Prefix.pch;
				INFOPLIST_FILE = "MoneyUnitConverter-Info.plist";
				LIBRARY_SEARCH_PATHS = (
					"$(inherited)",
					"\"$(SRCROOT)/AdMob\"",
				);
				PRODUCT_NAME = MoneyUnitConverter;
			};
			name = Release;
		};
		602A016B11426BC900BA767C /* Distribution */ = {
			isa = XCBuildConfiguration;
			buildSettings = {
				ARCHS = "$(ARCHS_STANDARD_32_BIT)";
				"CODE_SIGN_IDENTITY[sdk=iphoneos*]" = "iPhone Distribution";
				GCC_C_LANGUAGE_STANDARD = c99;
				GCC_WARN_ABOUT_RETURN_TYPE = YES;
				GCC_WARN_UNUSED_VARIABLE = YES;
				PREBINDING = NO;
				"PROVISIONING_PROFILE[sdk=iphoneos*]" = "";
				SDKROOT = iphoneos4.1;
			};
			name = Distribution;
		};
		602A016C11426BC900BA767C /* Distribution */ = {
			isa = XCBuildConfiguration;
			buildSettings = {
				ALWAYS_SEARCH_USER_PATHS = NO;
				COPY_PHASE_STRIP = YES;
				GCC_PRECOMPILE_PREFIX_HEADER = YES;
				GCC_PREFIX_HEADER = MoneyUnitConverter_Prefix.pch;
				INFOPLIST_FILE = "MoneyUnitConverter-Info.plist";
				LIBRARY_SEARCH_PATHS = (
					"$(inherited)",
					"\"$(SRCROOT)/AdMob\"",
				);
				PRODUCT_NAME = MoneyUnitConverter;
			};
			name = Distribution;
		};
		C01FCF4F08A954540054247B /* Debug */ = {
			isa = XCBuildConfiguration;
			buildSettings = {
				ARCHS = "$(ARCHS_STANDARD_32_BIT)";
				"CODE_SIGN_IDENTITY[sdk=iphoneos*]" = "iPhone Developer";
				GCC_C_LANGUAGE_STANDARD = c99;
				GCC_WARN_ABOUT_RETURN_TYPE = YES;
				GCC_WARN_UNUSED_VARIABLE = YES;
				PREBINDING = NO;
				SDKROOT = iphoneos4.1;
			};
			name = Debug;
		};
		C01FCF5008A954540054247B /* Release */ = {
			isa = XCBuildConfiguration;
			buildSettings = {
				ARCHS = "$(ARCHS_STANDARD_32_BIT)";
				"CODE_SIGN_IDENTITY[sdk=iphoneos*]" = "iPhone Developer";
				GCC_C_LANGUAGE_STANDARD = c99;
				GCC_WARN_ABOUT_RETURN_TYPE = YES;
				GCC_WARN_UNUSED_VARIABLE = YES;
				PREBINDING = NO;
				SDKROOT = iphoneos4.1;
			};
			name = Release;
		};
/* End XCBuildConfiguration section */

/* Begin XCConfigurationList section */
		1D6058960D05DD3E006BFB54 /* Build configuration list for PBXNativeTarget "MoneyUnitConverter" */ = {
			isa = XCConfigurationList;
			buildConfigurations = (
				1D6058940D05DD3E006BFB54 /* Debug */,
				1D6058950D05DD3E006BFB54 /* Release */,
				602A016C11426BC900BA767C /* Distribution */,
			);
			defaultConfigurationIsVisible = 0;
			defaultConfigurationName = Release;
		};
		C01FCF4E08A954540054247B /* Build configuration list for PBXProject "MoneyUnitConverter" */ = {
			isa = XCConfigurationList;
			buildConfigurations = (
				C01FCF4F08A954540054247B /* Debug */,
				C01FCF5008A954540054247B /* Release */,
				602A016B11426BC900BA767C /* Distribution */,
			);
			defaultConfigurationIsVisible = 0;
			defaultConfigurationName = Release;
		};
/* End XCConfigurationList section */
	};
	rootObject = 29B97313FDCFA39411CA2CEA /* Project object */;
}
